// !$*UTF8*$!
{
	archiveVersion = 1;
	classes = {
	};
	objectVersion = 55;
	objects = {

/* Begin PBXBuildFile section */
		A2B0DD74283CCF58002C5E66 /* RouterWorkaroundApp.swift in Sources */ = {isa = PBXBuildFile; fileRef = A2B0DD73283CCF58002C5E66 /* RouterWorkaroundApp.swift */; };
		A2B0DD76283CCF58002C5E66 /* ContentView.swift in Sources */ = {isa = PBXBuildFile; fileRef = A2B0DD75283CCF58002C5E66 /* ContentView.swift */; };
		A2B0DD78283CCF5B002C5E66 /* Assets.xcassets in Resources */ = {isa = PBXBuildFile; fileRef = A2B0DD77283CCF5B002C5E66 /* Assets.xcassets */; };
		A2B0DD7B283CCF5B002C5E66 /* Preview Assets.xcassets in Resources */ = {isa = PBXBuildFile; fileRef = A2B0DD7A283CCF5B002C5E66 /* Preview Assets.xcassets */; };
		A2B0DD87283CCF83002C5E66 /* NavigationNode.swift in Sources */ = {isa = PBXBuildFile; fileRef = A2B0DD82283CCF83002C5E66 /* NavigationNode.swift */; };
		A2B0DD88283CCF83002C5E66 /* RouterFactory.swift in Sources */ = {isa = PBXBuildFile; fileRef = A2B0DD83283CCF83002C5E66 /* RouterFactory.swift */; };
		A2B0DD89283CCF83002C5E66 /* Routing.swift in Sources */ = {isa = PBXBuildFile; fileRef = A2B0DD84283CCF83002C5E66 /* Routing.swift */; };
		A2B0DD8A283CCF83002C5E66 /* Router.swift in Sources */ = {isa = PBXBuildFile; fileRef = A2B0DD85283CCF83002C5E66 /* Router.swift */; };
		A2B0DD8B283CCF83002C5E66 /* View + Cover.swift in Sources */ = {isa = PBXBuildFile; fileRef = A2B0DD86283CCF83002C5E66 /* View + Cover.swift */; };
		A2B0DD90283CD079002C5E66 /* MainView.swift in Sources */ = {isa = PBXBuildFile; fileRef = A2B0DD8F283CD079002C5E66 /* MainView.swift */; };
		A2B0DD92283CD499002C5E66 /* StartingView.swift in Sources */ = {isa = PBXBuildFile; fileRef = A2B0DD91283CD499002C5E66 /* StartingView.swift */; };
		A2B0DD94283CD5FF002C5E66 /* RoutesView.swift in Sources */ = {isa = PBXBuildFile; fileRef = A2B0DD93283CD5FF002C5E66 /* RoutesView.swift */; };
		A2B0DD96283CD86C002C5E66 /* FullScreenView.swift in Sources */ = {isa = PBXBuildFile; fileRef = A2B0DD95283CD86C002C5E66 /* FullScreenView.swift */; };
		A2B0DD98283CD8B0002C5E66 /* SheetView.swift in Sources */ = {isa = PBXBuildFile; fileRef = A2B0DD97283CD8B0002C5E66 /* SheetView.swift */; };
/* End PBXBuildFile section */

/* Begin PBXFileReference section */
		A2B0DD70283CCF58002C5E66 /* RouterWorkaround.app */ = {isa = PBXFileReference; explicitFileType = wrapper.application; includeInIndex = 0; path = RouterWorkaround.app; sourceTree = BUILT_PRODUCTS_DIR; };
		A2B0DD73283CCF58002C5E66 /* RouterWorkaroundApp.swift */ = {isa = PBXFileReference; lastKnownFileType = sourcecode.swift; path = RouterWorkaroundApp.swift; sourceTree = "<group>"; };
		A2B0DD75283CCF58002C5E66 /* ContentView.swift */ = {isa = PBXFileReference; lastKnownFileType = sourcecode.swift; path = ContentView.swift; sourceTree = "<group>"; };
		A2B0DD77283CCF5B002C5E66 /* Assets.xcassets */ = {isa = PBXFileReference; lastKnownFileType = folder.assetcatalog; path = Assets.xcassets; sourceTree = "<group>"; };
		A2B0DD7A283CCF5B002C5E66 /* Preview Assets.xcassets */ = {isa = PBXFileReference; lastKnownFileType = folder.assetcatalog; path = "Preview Assets.xcassets"; sourceTree = "<group>"; };
		A2B0DD82283CCF83002C5E66 /* NavigationNode.swift */ = {isa = PBXFileReference; fileEncoding = 4; lastKnownFileType = sourcecode.swift; path = NavigationNode.swift; sourceTree = "<group>"; };
		A2B0DD83283CCF83002C5E66 /* RouterFactory.swift */ = {isa = PBXFileReference; fileEncoding = 4; lastKnownFileType = sourcecode.swift; path = RouterFactory.swift; sourceTree = "<group>"; };
		A2B0DD84283CCF83002C5E66 /* Routing.swift */ = {isa = PBXFileReference; fileEncoding = 4; lastKnownFileType = sourcecode.swift; path = Routing.swift; sourceTree = "<group>"; };
		A2B0DD85283CCF83002C5E66 /* Router.swift */ = {isa = PBXFileReference; fileEncoding = 4; lastKnownFileType = sourcecode.swift; path = Router.swift; sourceTree = "<group>"; };
		A2B0DD86283CCF83002C5E66 /* View + Cover.swift */ = {isa = PBXFileReference; fileEncoding = 4; lastKnownFileType = sourcecode.swift; path = "View + Cover.swift"; sourceTree = "<group>"; };
		A2B0DD8F283CD079002C5E66 /* MainView.swift */ = {isa = PBXFileReference; lastKnownFileType = sourcecode.swift; path = MainView.swift; sourceTree = "<group>"; };
		A2B0DD91283CD499002C5E66 /* StartingView.swift */ = {isa = PBXFileReference; lastKnownFileType = sourcecode.swift; path = StartingView.swift; sourceTree = "<group>"; };
		A2B0DD93283CD5FF002C5E66 /* RoutesView.swift */ = {isa = PBXFileReference; lastKnownFileType = sourcecode.swift; path = RoutesView.swift; sourceTree = "<group>"; };
		A2B0DD95283CD86C002C5E66 /* FullScreenView.swift */ = {isa = PBXFileReference; lastKnownFileType = sourcecode.swift; path = FullScreenView.swift; sourceTree = "<group>"; };
		A2B0DD97283CD8B0002C5E66 /* SheetView.swift */ = {isa = PBXFileReference; lastKnownFileType = sourcecode.swift; path = SheetView.swift; sourceTree = "<group>"; };
/* End PBXFileReference section */

/* Begin PBXFrameworksBuildPhase section */
		A2B0DD6D283CCF58002C5E66 /* Frameworks */ = {
			isa = PBXFrameworksBuildPhase;
			buildActionMask = 2147483647;
			files = (
			);
			runOnlyForDeploymentPostprocessing = 0;
		};
/* End PBXFrameworksBuildPhase section */

/* Begin PBXGroup section */
		A2B0DD67283CCF58002C5E66 = {
			isa = PBXGroup;
			children = (
				A2B0DD72283CCF58002C5E66 /* RouterWorkaround */,
				A2B0DD71283CCF58002C5E66 /* Products */,
			);
			sourceTree = "<group>";
		};
		A2B0DD71283CCF58002C5E66 /* Products */ = {
			isa = PBXGroup;
			children = (
				A2B0DD70283CCF58002C5E66 /* RouterWorkaround.app */,
			);
			name = Products;
			sourceTree = "<group>";
		};
		A2B0DD72283CCF58002C5E66 /* RouterWorkaround */ = {
			isa = PBXGroup;
			children = (
				A2B0DD8C283CD042002C5E66 /* Screens */,
				A2B0DD81283CCF6B002C5E66 /* Router */,
				A2B0DD73283CCF58002C5E66 /* RouterWorkaroundApp.swift */,
				A2B0DD75283CCF58002C5E66 /* ContentView.swift */,
				A2B0DD77283CCF5B002C5E66 /* Assets.xcassets */,
				A2B0DD79283CCF5B002C5E66 /* Preview Content */,
			);
			path = RouterWorkaround;
			sourceTree = "<group>";
		};
		A2B0DD79283CCF5B002C5E66 /* Preview Content */ = {
			isa = PBXGroup;
			children = (
				A2B0DD7A283CCF5B002C5E66 /* Preview Assets.xcassets */,
			);
			path = "Preview Content";
			sourceTree = "<group>";
		};
		A2B0DD81283CCF6B002C5E66 /* Router */ = {
			isa = PBXGroup;
			children = (
				A2B0DD82283CCF83002C5E66 /* NavigationNode.swift */,
				A2B0DD85283CCF83002C5E66 /* Router.swift */,
				A2B0DD83283CCF83002C5E66 /* RouterFactory.swift */,
				A2B0DD84283CCF83002C5E66 /* Routing.swift */,
				A2B0DD86283CCF83002C5E66 /* View + Cover.swift */,
			);
			path = Router;
			sourceTree = "<group>";
		};
		A2B0DD8C283CD042002C5E66 /* Screens */ = {
			isa = PBXGroup;
			children = (
				A2B0DD8F283CD079002C5E66 /* MainView.swift */,
				A2B0DD91283CD499002C5E66 /* StartingView.swift */,
				A2B0DD93283CD5FF002C5E66 /* RoutesView.swift */,
				A2B0DD95283CD86C002C5E66 /* FullScreenView.swift */,
				A2B0DD97283CD8B0002C5E66 /* SheetView.swift */,
			);
			path = Screens;
			sourceTree = "<group>";
		};
/* End PBXGroup section */

/* Begin PBXNativeTarget section */
		A2B0DD6F283CCF58002C5E66 /* RouterWorkaround */ = {
			isa = PBXNativeTarget;
			buildConfigurationList = A2B0DD7E283CCF5B002C5E66 /* Build configuration list for PBXNativeTarget "RouterWorkaround" */;
			buildPhases = (
				A2B0DD6C283CCF58002C5E66 /* Sources */,
				A2B0DD6D283CCF58002C5E66 /* Frameworks */,
				A2B0DD6E283CCF58002C5E66 /* Resources */,
			);
			buildRules = (
			);
			dependencies = (
			);
			name = RouterWorkaround;
			productName = RouterWorkaround;
			productReference = A2B0DD70283CCF58002C5E66 /* RouterWorkaround.app */;
			productType = "com.apple.product-type.application";
		};
/* End PBXNativeTarget section */

/* Begin PBXProject section */
		A2B0DD68283CCF58002C5E66 /* Project object */ = {
			isa = PBXProject;
			attributes = {
				BuildIndependentTargetsInParallel = 1;
				LastSwiftUpdateCheck = 1300;
				LastUpgradeCheck = 1300;
				TargetAttributes = {
					A2B0DD6F283CCF58002C5E66 = {
						CreatedOnToolsVersion = 13.0;
					};
				};
			};
			buildConfigurationList = A2B0DD6B283CCF58002C5E66 /* Build configuration list for PBXProject "RouterWorkaround" */;
			compatibilityVersion = "Xcode 13.0";
			developmentRegion = en;
			hasScannedForEncodings = 0;
			knownRegions = (
				en,
				Base,
			);
			mainGroup = A2B0DD67283CCF58002C5E66;
			productRefGroup = A2B0DD71283CCF58002C5E66 /* Products */;
			projectDirPath = "";
			projectRoot = "";
			targets = (
				A2B0DD6F283CCF58002C5E66 /* RouterWorkaround */,
			);
		};
/* End PBXProject section */

/* Begin PBXResourcesBuildPhase section */
		A2B0DD6E283CCF58002C5E66 /* Resources */ = {
			isa = PBXResourcesBuildPhase;
			buildActionMask = 2147483647;
			files = (
				A2B0DD7B283CCF5B002C5E66 /* Preview Assets.xcassets in Resources */,
				A2B0DD78283CCF5B002C5E66 /* Assets.xcassets in Resources */,
			);
			runOnlyForDeploymentPostprocessing = 0;
		};
/* End PBXResourcesBuildPhase section */

/* Begin PBXSourcesBuildPhase section */
		A2B0DD6C283CCF58002C5E66 /* Sources */ = {
			isa = PBXSourcesBuildPhase;
			buildActionMask = 2147483647;
			files = (
				A2B0DD92283CD499002C5E66 /* StartingView.swift in Sources */,
				A2B0DD89283CCF83002C5E66 /* Routing.swift in Sources */,
				A2B0DD96283CD86C002C5E66 /* FullScreenView.swift in Sources */,
				A2B0DD76283CCF58002C5E66 /* ContentView.swift in Sources */,
				A2B0DD87283CCF83002C5E66 /* NavigationNode.swift in Sources */,
				A2B0DD74283CCF58002C5E66 /* RouterWorkaroundApp.swift in Sources */,
				A2B0DD8B283CCF83002C5E66 /* View + Cover.swift in Sources */,
				A2B0DD94283CD5FF002C5E66 /* RoutesView.swift in Sources */,
				A2B0DD8A283CCF83002C5E66 /* Router.swift in Sources */,
				A2B0DD90283CD079002C5E66 /* MainView.swift in Sources */,
				A2B0DD98283CD8B0002C5E66 /* SheetView.swift in Sources */,
				A2B0DD88283CCF83002C5E66 /* RouterFactory.swift in Sources */,
			);
			runOnlyForDeploymentPostprocessing = 0;
		};
/* End PBXSourcesBuildPhase section */

/* Begin XCBuildConfiguration section */
		A2B0DD7C283CCF5B002C5E66 /* Debug */ = {
			isa = XCBuildConfiguration;
			buildSettings = {
				ALWAYS_SEARCH_USER_PATHS = NO;
				CLANG_ANALYZER_NONNULL = YES;
				CLANG_ANALYZER_NUMBER_OBJECT_CONVERSION = YES_AGGRESSIVE;
				CLANG_CXX_LANGUAGE_STANDARD = "gnu++17";
				CLANG_CXX_LIBRARY = "libc++";
				CLANG_ENABLE_MODULES = YES;
				CLANG_ENABLE_OBJC_ARC = YES;
				CLANG_ENABLE_OBJC_WEAK = YES;
				CLANG_WARN_BLOCK_CAPTURE_AUTORELEASING = YES;
				CLANG_WARN_BOOL_CONVERSION = YES;
				CLANG_WARN_COMMA = YES;
				CLANG_WARN_CONSTANT_CONVERSION = YES;
				CLANG_WARN_DEPRECATED_OBJC_IMPLEMENTATIONS = YES;
				CLANG_WARN_DIRECT_OBJC_ISA_USAGE = YES_ERROR;
				CLANG_WARN_DOCUMENTATION_COMMENTS = YES;
				CLANG_WARN_EMPTY_BODY = YES;
				CLANG_WARN_ENUM_CONVERSION = YES;
				CLANG_WARN_INFINITE_RECURSION = YES;
				CLANG_WARN_INT_CONVERSION = YES;
				CLANG_WARN_NON_LITERAL_NULL_CONVERSION = YES;
				CLANG_WARN_OBJC_IMPLICIT_RETAIN_SELF = YES;
				CLANG_WARN_OBJC_LITERAL_CONVERSION = YES;
				CLANG_WARN_OBJC_ROOT_CLASS = YES_ERROR;
				CLANG_WARN_QUOTED_INCLUDE_IN_FRAMEWORK_HEADER = YES;
				CLANG_WARN_RANGE_LOOP_ANALYSIS = YES;
				CLANG_WARN_STRICT_PROTOTYPES = YES;
				CLANG_WARN_SUSPICIOUS_MOVE = YES;
				CLANG_WARN_UNGUARDED_AVAILABILITY = YES_AGGRESSIVE;
				CLANG_WARN_UNREACHABLE_CODE = YES;
				CLANG_WARN__DUPLICATE_METHOD_MATCH = YES;
				COPY_PHASE_STRIP = NO;
				DEBUG_INFORMATION_FORMAT = dwarf;
				ENABLE_STRICT_OBJC_MSGSEND = YES;
				ENABLE_TESTABILITY = YES;
				GCC_C_LANGUAGE_STANDARD = gnu11;
				GCC_DYNAMIC_NO_PIC = NO;
				GCC_NO_COMMON_BLOCKS = YES;
				GCC_OPTIMIZATION_LEVEL = 0;
				GCC_PREPROCESSOR_DEFINITIONS = (
					"DEBUG=1",
					"$(inherited)",
				);
				GCC_WARN_64_TO_32_BIT_CONVERSION = YES;
				GCC_WARN_ABOUT_RETURN_TYPE = YES_ERROR;
				GCC_WARN_UNDECLARED_SELECTOR = YES;
				GCC_WARN_UNINITIALIZED_AUTOS = YES_AGGRESSIVE;
				GCC_WARN_UNUSED_FUNCTION = YES;
				GCC_WARN_UNUSED_VARIABLE = YES;
				IPHONEOS_DEPLOYMENT_TARGET = 15.0;
				MTL_ENABLE_DEBUG_INFO = INCLUDE_SOURCE;
				MTL_FAST_MATH = YES;
				ONLY_ACTIVE_ARCH = YES;
				SDKROOT = iphoneos;
				SWIFT_ACTIVE_COMPILATION_CONDITIONS = DEBUG;
				SWIFT_OPTIMIZATION_LEVEL = "-Onone";
			};
			name = Debug;
		};
		A2B0DD7D283CCF5B002C5E66 /* Release */ = {
			isa = XCBuildConfiguration;
			buildSettings = {
				ALWAYS_SEARCH_USER_PATHS = NO;
				CLANG_ANALYZER_NONNULL = YES;
				CLANG_ANALYZER_NUMBER_OBJECT_CONVERSION = YES_AGGRESSIVE;
				CLANG_CXX_LANGUAGE_STANDARD = "gnu++17";
				CLANG_CXX_LIBRARY = "libc++";
				CLANG_ENABLE_MODULES = YES;
				CLANG_ENABLE_OBJC_ARC = YES;
				CLANG_ENABLE_OBJC_WEAK = YES;
				CLANG_WARN_BLOCK_CAPTURE_AUTORELEASING = YES;
				CLANG_WARN_BOOL_CONVERSION = YES;
				CLANG_WARN_COMMA = YES;
				CLANG_WARN_CONSTANT_CONVERSION = YES;
				CLANG_WARN_DEPRECATED_OBJC_IMPLEMENTATIONS = YES;
				CLANG_WARN_DIRECT_OBJC_ISA_USAGE = YES_ERROR;
				CLANG_WARN_DOCUMENTATION_COMMENTS = YES;
				CLANG_WARN_EMPTY_BODY = YES;
				CLANG_WARN_ENUM_CONVERSION = YES;
				CLANG_WARN_INFINITE_RECURSION = YES;
				CLANG_WARN_INT_CONVERSION = YES;
				CLANG_WARN_NON_LITERAL_NULL_CONVERSION = YES;
				CLANG_WARN_OBJC_IMPLICIT_RETAIN_SELF = YES;
				CLANG_WARN_OBJC_LITERAL_CONVERSION = YES;
				CLANG_WARN_OBJC_ROOT_CLASS = YES_ERROR;
				CLANG_WARN_QUOTED_INCLUDE_IN_FRAMEWORK_HEADER = YES;
				CLANG_WARN_RANGE_LOOP_ANALYSIS = YES;
				CLANG_WARN_STRICT_PROTOTYPES = YES;
				CLANG_WARN_SUSPICIOUS_MOVE = YES;
				CLANG_WARN_UNGUARDED_AVAILABILITY = YES_AGGRESSIVE;
				CLANG_WARN_UNREACHABLE_CODE = YES;
				CLANG_WARN__DUPLICATE_METHOD_MATCH = YES;
				COPY_PHASE_STRIP = NO;
				DEBUG_INFORMATION_FORMAT = "dwarf-with-dsym";
				ENABLE_NS_ASSERTIONS = NO;
				ENABLE_STRICT_OBJC_MSGSEND = YES;
				GCC_C_LANGUAGE_STANDARD = gnu11;
				GCC_NO_COMMON_BLOCKS = YES;
				GCC_WARN_64_TO_32_BIT_CONVERSION = YES;
				GCC_WARN_ABOUT_RETURN_TYPE = YES_ERROR;
				GCC_WARN_UNDECLARED_SELECTOR = YES;
				GCC_WARN_UNINITIALIZED_AUTOS = YES_AGGRESSIVE;
				GCC_WARN_UNUSED_FUNCTION = YES;
				GCC_WARN_UNUSED_VARIABLE = YES;
				IPHONEOS_DEPLOYMENT_TARGET = 15.0;
				MTL_ENABLE_DEBUG_INFO = NO;
				MTL_FAST_MATH = YES;
				SDKROOT = iphoneos;
				SWIFT_COMPILATION_MODE = wholemodule;
				SWIFT_OPTIMIZATION_LEVEL = "-O";
				VALIDATE_PRODUCT = YES;
			};
			name = Release;
		};
		A2B0DD7F283CCF5B002C5E66 /* Debug */ = {
			isa = XCBuildConfiguration;
			buildSettings = {
				ASSETCATALOG_COMPILER_APPICON_NAME = AppIcon;
				ASSETCATALOG_COMPILER_GLOBAL_ACCENT_COLOR_NAME = AccentColor;
				CODE_SIGN_STYLE = Automatic;
				CURRENT_PROJECT_VERSION = 1;
				DEVELOPMENT_ASSET_PATHS = "\"RouterWorkaround/Preview Content\"";
				DEVELOPMENT_TEAM = 5XY4M72NS4;
				ENABLE_PREVIEWS = YES;
				GENERATE_INFOPLIST_FILE = YES;
				INFOPLIST_KEY_UIApplicationSceneManifest_Generation = YES;
				INFOPLIST_KEY_UIApplicationSupportsIndirectInputEvents = YES;
				INFOPLIST_KEY_UILaunchScreen_Generation = YES;
				INFOPLIST_KEY_UISupportedInterfaceOrientations_iPad = "UIInterfaceOrientationPortrait UIInterfaceOrientationPortraitUpsideDown UIInterfaceOrientationLandscapeLeft UIInterfaceOrientationLandscapeRight";
				INFOPLIST_KEY_UISupportedInterfaceOrientations_iPhone = "UIInterfaceOrientationPortrait UIInterfaceOrientationLandscapeLeft UIInterfaceOrientationLandscapeRight";
				IPHONEOS_DEPLOYMENT_TARGET = 14.0;
				LD_RUNPATH_SEARCH_PATHS = (
					"$(inherited)",
					"@executable_path/Frameworks",
				);
				MARKETING_VERSION = 1.0;
				PRODUCT_BUNDLE_IDENTIFIER = com.dlom.RouterWorkaround;
				PRODUCT_NAME = "$(TARGET_NAME)";
				SWIFT_EMIT_LOC_STRINGS = YES;
				SWIFT_VERSION = 5.0;
				TARGETED_DEVICE_FAMILY = "1,2";
			};
			name = Debug;
		};
		A2B0DD80283CCF5B002C5E66 /* Release */ = {
			isa = XCBuildConfiguration;
			buildSettings = {
				ASSETCATALOG_COMPILER_APPICON_NAME = AppIcon;
				ASSETCATALOG_COMPILER_GLOBAL_ACCENT_COLOR_NAME = AccentColor;
				CODE_SIGN_STYLE = Automatic;
				CURRENT_PROJECT_VERSION = 1;
				DEVELOPMENT_ASSET_PATHS = "\"RouterWorkaround/Preview Content\"";
				DEVELOPMENT_TEAM = 5XY4M72NS4;
				ENABLE_PREVIEWS = YES;
				GENERATE_INFOPLIST_FILE = YES;
				INFOPLIST_KEY_UIApplicationSceneManifest_Generation = YES;
				INFOPLIST_KEY_UIApplicationSupportsIndirectInputEvents = YES;
				INFOPLIST_KEY_UILaunchScreen_Generation = YES;
				INFOPLIST_KEY_UISupportedInterfaceOrientations_iPad = "UIInterfaceOrientationPortrait UIInterfaceOrientationPortraitUpsideDown UIInterfaceOrientationLandscapeLeft UIInterfaceOrientationLandscapeRight";
				INFOPLIST_KEY_UISupportedInterfaceOrientations_iPhone = "UIInterfaceOrientationPortrait UIInterfaceOrientationLandscapeLeft UIInterfaceOrientationLandscapeRight";
				IPHONEOS_DEPLOYMENT_TARGET = 14.0;
				LD_RUNPATH_SEARCH_PATHS = (
					"$(inherited)",
					"@executable_path/Frameworks",
				);
				MARKETING_VERSION = 1.0;
				PRODUCT_BUNDLE_IDENTIFIER = com.dlom.RouterWorkaround;
				PRODUCT_NAME = "$(TARGET_NAME)";
				SWIFT_EMIT_LOC_STRINGS = YES;
				SWIFT_VERSION = 5.0;
				TARGETED_DEVICE_FAMILY = "1,2";
			};
			name = Release;
		};
/* End XCBuildConfiguration section */

/* Begin XCConfigurationList section */
		A2B0DD6B283CCF58002C5E66 /* Build configuration list for PBXProject "RouterWorkaround" */ = {
			isa = XCConfigurationList;
			buildConfigurations = (
				A2B0DD7C283CCF5B002C5E66 /* Debug */,
				A2B0DD7D283CCF5B002C5E66 /* Release */,
			);
			defaultConfigurationIsVisible = 0;
			defaultConfigurationName = Release;
		};
		A2B0DD7E283CCF5B002C5E66 /* Build configuration list for PBXNativeTarget "RouterWorkaround" */ = {
			isa = XCConfigurationList;
			buildConfigurations = (
				A2B0DD7F283CCF5B002C5E66 /* Debug */,
				A2B0DD80283CCF5B002C5E66 /* Release */,
			);
			defaultConfigurationIsVisible = 0;
			defaultConfigurationName = Release;
		};
/* End XCConfigurationList section */
	};
	rootObject = A2B0DD68283CCF58002C5E66 /* Project object */;
}
